// !$*UTF8*$!
{
	archiveVersion = 1;
	classes = {
	};
	objectVersion = 56;
	objects = {

/* Begin PBXBuildFile section */
		3E01473B29C07EBE00D3DAB8 /* SearchWordsModel.swift in Sources */ = {isa = PBXBuildFile; fileRef = 3E01473A29C07EBE00D3DAB8 /* SearchWordsModel.swift */; };
		3E448F7F29BE2983008AA5F3 /* LatestGoodsCell.swift in Sources */ = {isa = PBXBuildFile; fileRef = 3E448F7E29BE2983008AA5F3 /* LatestGoodsCell.swift */; };
		3E448F8329BE310B008AA5F3 /* SaleGoodsCell.swift in Sources */ = {isa = PBXBuildFile; fileRef = 3E448F8229BE310B008AA5F3 /* SaleGoodsCell.swift */; };
		3E448F8529BE32BD008AA5F3 /* HomeNavigationView.swift in Sources */ = {isa = PBXBuildFile; fileRef = 3E448F8429BE32BD008AA5F3 /* HomeNavigationView.swift */; };
		3E448F8B29BE37CC008AA5F3 /* NetworkManager.swift in Sources */ = {isa = PBXBuildFile; fileRef = 3E448F8A29BE37CC008AA5F3 /* NetworkManager.swift */; };
		3E448F8D29BE37F1008AA5F3 /* NetworkManagerHelper.swift in Sources */ = {isa = PBXBuildFile; fileRef = 3E448F8C29BE37F1008AA5F3 /* NetworkManagerHelper.swift */; };
		3E448F9729BE3A6D008AA5F3 /* GoodsEndpoint.swift in Sources */ = {isa = PBXBuildFile; fileRef = 3E448F9629BE3A6D008AA5F3 /* GoodsEndpoint.swift */; };
		3E448F9929BF0CBE008AA5F3 /* DetailGoodsModel.swift in Sources */ = {isa = PBXBuildFile; fileRef = 3E448F9829BF0CBE008AA5F3 /* DetailGoodsModel.swift */; };
		3E448F9C29BF18D2008AA5F3 /* DetailGoodsView.swift in Sources */ = {isa = PBXBuildFile; fileRef = 3E448F9B29BF18D2008AA5F3 /* DetailGoodsView.swift */; };
		3E448F9E29BF18DC008AA5F3 /* DetailGoodsViewModel.swift in Sources */ = {isa = PBXBuildFile; fileRef = 3E448F9D29BF18DC008AA5F3 /* DetailGoodsViewModel.swift */; };
		3E448FA129BF44FD008AA5F3 /* ButtonsControlView.swift in Sources */ = {isa = PBXBuildFile; fileRef = 3E448FA029BF44FD008AA5F3 /* ButtonsControlView.swift */; };
		3E448FA329BF455A008AA5F3 /* ImagesCollection.swift in Sources */ = {isa = PBXBuildFile; fileRef = 3E448FA229BF455A008AA5F3 /* ImagesCollection.swift */; };
		3E448FA729BF4ED5008AA5F3 /* GoodsDescription.swift in Sources */ = {isa = PBXBuildFile; fileRef = 3E448FA629BF4ED5008AA5F3 /* GoodsDescription.swift */; };
		3E448FA929BF5444008AA5F3 /* CartButtonView.swift in Sources */ = {isa = PBXBuildFile; fileRef = 3E448FA829BF5444008AA5F3 /* CartButtonView.swift */; };
		3E448FAB29BF6109008AA5F3 /* PriceFormatter.swift in Sources */ = {isa = PBXBuildFile; fileRef = 3E448FAA29BF6109008AA5F3 /* PriceFormatter.swift */; };
		3E448FAD29BF62E9008AA5F3 /* AddToCartView.swift in Sources */ = {isa = PBXBuildFile; fileRef = 3E448FAC29BF62E9008AA5F3 /* AddToCartView.swift */; };
		3E59972C29BB239C00C6453E /* TestProjectApp.swift in Sources */ = {isa = PBXBuildFile; fileRef = 3E59972B29BB239C00C6453E /* TestProjectApp.swift */; };
		3E59973029BB239D00C6453E /* Assets.xcassets in Resources */ = {isa = PBXBuildFile; fileRef = 3E59972F29BB239D00C6453E /* Assets.xcassets */; };
		3E59973329BB239D00C6453E /* Preview Assets.xcassets in Resources */ = {isa = PBXBuildFile; fileRef = 3E59973229BB239D00C6453E /* Preview Assets.xcassets */; };
		3E59975129BB2B4F00C6453E /* Montserrat-Regular.ttf in Resources */ = {isa = PBXBuildFile; fileRef = 3E59974B29BB29F900C6453E /* Montserrat-Regular.ttf */; };
		3E59975229BB2B5300C6453E /* Montserrat-Bold.ttf in Resources */ = {isa = PBXBuildFile; fileRef = 3E59973E29BB29F900C6453E /* Montserrat-Bold.ttf */; };
		3E59975529BB2C2800C6453E /* Font+Extension.swift in Sources */ = {isa = PBXBuildFile; fileRef = 3E59975429BB2C2800C6453E /* Font+Extension.swift */; };
		3E59976129BB2F4F00C6453E /* SignInView.swift in Sources */ = {isa = PBXBuildFile; fileRef = 3E59976029BB2F4F00C6453E /* SignInView.swift */; };
		3E59976329BB2F5C00C6453E /* SignInViewModel.swift in Sources */ = {isa = PBXBuildFile; fileRef = 3E59976229BB2F5C00C6453E /* SignInViewModel.swift */; };
		3E59976529BB329B00C6453E /* Color+Extension.swift in Sources */ = {isa = PBXBuildFile; fileRef = 3E59976429BB329B00C6453E /* Color+Extension.swift */; };
		3E59976729BB39AB00C6453E /* LoginView.swift in Sources */ = {isa = PBXBuildFile; fileRef = 3E59976629BB39AB00C6453E /* LoginView.swift */; };
		3E59976929BB3B3100C6453E /* HomeView.swift in Sources */ = {isa = PBXBuildFile; fileRef = 3E59976829BB3B3100C6453E /* HomeView.swift */; };
		3E59976B29BB3BD600C6453E /* RealmDataStore.swift in Sources */ = {isa = PBXBuildFile; fileRef = 3E59976A29BB3BD600C6453E /* RealmDataStore.swift */; };
		3E59976E29BB3BFA00C6453E /* User.swift in Sources */ = {isa = PBXBuildFile; fileRef = 3E59976D29BB3BFA00C6453E /* User.swift */; };
		3E59977029BB434100C6453E /* AuthorizationTextField.swift in Sources */ = {isa = PBXBuildFile; fileRef = 3E59976F29BB434100C6453E /* AuthorizationTextField.swift */; };
		3E59977229BB436100C6453E /* StringConstants.swift in Sources */ = {isa = PBXBuildFile; fileRef = 3E59977129BB436100C6453E /* StringConstants.swift */; };
		3E59977529BB528900C6453E /* HorizontalLabelStyle.swift in Sources */ = {isa = PBXBuildFile; fileRef = 3E59977429BB528900C6453E /* HorizontalLabelStyle.swift */; };
		3E59977729BB5E7500C6453E /* DataError.swift in Sources */ = {isa = PBXBuildFile; fileRef = 3E59977629BB5E7500C6453E /* DataError.swift */; };
		3E59977929BB6C6500C6453E /* LoginViewModel.swift in Sources */ = {isa = PBXBuildFile; fileRef = 3E59977829BB6C6500C6453E /* LoginViewModel.swift */; };
		3E59977B29BB7E8E00C6453E /* TabbarView.swift in Sources */ = {isa = PBXBuildFile; fileRef = 3E59977A29BB7E8E00C6453E /* TabbarView.swift */; };
		3E59977E29BB7EE500C6453E /* MockView.swift in Sources */ = {isa = PBXBuildFile; fileRef = 3E59977D29BB7EE500C6453E /* MockView.swift */; };
		3E59978029BB7F5100C6453E /* HomeViewModel.swift in Sources */ = {isa = PBXBuildFile; fileRef = 3E59977F29BB7F5100C6453E /* HomeViewModel.swift */; };
		3E59978229BB7F5E00C6453E /* ProfileView.swift in Sources */ = {isa = PBXBuildFile; fileRef = 3E59978129BB7F5E00C6453E /* ProfileView.swift */; };
		3E59978429BB7F6E00C6453E /* ProfileViewModel.swift in Sources */ = {isa = PBXBuildFile; fileRef = 3E59978329BB7F6E00C6453E /* ProfileViewModel.swift */; };
		3E59978629BCA2C700C6453E /* RoundedCorner.swift in Sources */ = {isa = PBXBuildFile; fileRef = 3E59978529BCA2C700C6453E /* RoundedCorner.swift */; };
		3E59978829BCA2F700C6453E /* View+Extension.swift in Sources */ = {isa = PBXBuildFile; fileRef = 3E59978729BCA2F700C6453E /* View+Extension.swift */; };
		3E59978A29BCA84700C6453E /* StaticButtonStyle.swift in Sources */ = {isa = PBXBuildFile; fileRef = 3E59978929BCA84700C6453E /* StaticButtonStyle.swift */; };
		3E59978C29BCAACC00C6453E /* TabBarViewModel.swift in Sources */ = {isa = PBXBuildFile; fileRef = 3E59978B29BCAACC00C6453E /* TabBarViewModel.swift */; };
		3E59978E29BCAB6C00C6453E /* TabBarPage.swift in Sources */ = {isa = PBXBuildFile; fileRef = 3E59978D29BCAB6C00C6453E /* TabBarPage.swift */; };
		3E59979029BCB8AA00C6453E /* ProfileSettingsEnum.swift in Sources */ = {isa = PBXBuildFile; fileRef = 3E59978F29BCB8AA00C6453E /* ProfileSettingsEnum.swift */; };
		3E59979329BCC8D200C6453E /* ProfileHeaderCell.swift in Sources */ = {isa = PBXBuildFile; fileRef = 3E59979229BCC8D200C6453E /* ProfileHeaderCell.swift */; };
		3E59979529BCC8E400C6453E /* ProfileSettingsCell.swift in Sources */ = {isa = PBXBuildFile; fileRef = 3E59979429BCC8E400C6453E /* ProfileSettingsCell.swift */; };
		3EB2D31029BE051D00897867 /* CategoryEnum.swift in Sources */ = {isa = PBXBuildFile; fileRef = 3EB2D30F29BE051D00897867 /* CategoryEnum.swift */; };
		3EB2D31329BE0AA300897867 /* CategoryCell.swift in Sources */ = {isa = PBXBuildFile; fileRef = 3EB2D31229BE0AA300897867 /* CategoryCell.swift */; };
		3EB2D31529BE0E1400897867 /* GoodsModel.swift in Sources */ = {isa = PBXBuildFile; fileRef = 3EB2D31429BE0E1400897867 /* GoodsModel.swift */; };
		3EB2D31729BE10CC00897867 /* HeaderView.swift in Sources */ = {isa = PBXBuildFile; fileRef = 3EB2D31629BE10CC00897867 /* HeaderView.swift */; };
		71B10BCC86523EB53AD12F63 /* Pods_TestProject.framework in Frameworks */ = {isa = PBXBuildFile; fileRef = D379B022C202E0223926801E /* Pods_TestProject.framework */; };
/* End PBXBuildFile section */

/* Begin PBXFileReference section */
		37C6BD96091D24EE8DBC51C7 /* Pods-TestProject.release.xcconfig */ = {isa = PBXFileReference; includeInIndex = 1; lastKnownFileType = text.xcconfig; name = "Pods-TestProject.release.xcconfig"; path = "Target Support Files/Pods-TestProject/Pods-TestProject.release.xcconfig"; sourceTree = "<group>"; };
		3E01473A29C07EBE00D3DAB8 /* SearchWordsModel.swift */ = {isa = PBXFileReference; lastKnownFileType = sourcecode.swift; path = SearchWordsModel.swift; sourceTree = "<group>"; };
		3E448F7E29BE2983008AA5F3 /* LatestGoodsCell.swift */ = {isa = PBXFileReference; lastKnownFileType = sourcecode.swift; path = LatestGoodsCell.swift; sourceTree = "<group>"; };
		3E448F8229BE310B008AA5F3 /* SaleGoodsCell.swift */ = {isa = PBXFileReference; lastKnownFileType = sourcecode.swift; path = SaleGoodsCell.swift; sourceTree = "<group>"; };
		3E448F8429BE32BD008AA5F3 /* HomeNavigationView.swift */ = {isa = PBXFileReference; lastKnownFileType = sourcecode.swift; path = HomeNavigationView.swift; sourceTree = "<group>"; };
		3E448F8A29BE37CC008AA5F3 /* NetworkManager.swift */ = {isa = PBXFileReference; lastKnownFileType = sourcecode.swift; path = NetworkManager.swift; sourceTree = "<group>"; };
		3E448F8C29BE37F1008AA5F3 /* NetworkManagerHelper.swift */ = {isa = PBXFileReference; lastKnownFileType = sourcecode.swift; path = NetworkManagerHelper.swift; sourceTree = "<group>"; };
		3E448F9629BE3A6D008AA5F3 /* GoodsEndpoint.swift */ = {isa = PBXFileReference; lastKnownFileType = sourcecode.swift; path = GoodsEndpoint.swift; sourceTree = "<group>"; };
		3E448F9829BF0CBE008AA5F3 /* DetailGoodsModel.swift */ = {isa = PBXFileReference; lastKnownFileType = sourcecode.swift; path = DetailGoodsModel.swift; sourceTree = "<group>"; };
		3E448F9B29BF18D2008AA5F3 /* DetailGoodsView.swift */ = {isa = PBXFileReference; lastKnownFileType = sourcecode.swift; path = DetailGoodsView.swift; sourceTree = "<group>"; };
		3E448F9D29BF18DC008AA5F3 /* DetailGoodsViewModel.swift */ = {isa = PBXFileReference; lastKnownFileType = sourcecode.swift; path = DetailGoodsViewModel.swift; sourceTree = "<group>"; };
		3E448FA029BF44FD008AA5F3 /* ButtonsControlView.swift */ = {isa = PBXFileReference; lastKnownFileType = sourcecode.swift; path = ButtonsControlView.swift; sourceTree = "<group>"; };
		3E448FA229BF455A008AA5F3 /* ImagesCollection.swift */ = {isa = PBXFileReference; lastKnownFileType = sourcecode.swift; path = ImagesCollection.swift; sourceTree = "<group>"; };
		3E448FA629BF4ED5008AA5F3 /* GoodsDescription.swift */ = {isa = PBXFileReference; lastKnownFileType = sourcecode.swift; path = GoodsDescription.swift; sourceTree = "<group>"; };
		3E448FA829BF5444008AA5F3 /* CartButtonView.swift */ = {isa = PBXFileReference; lastKnownFileType = sourcecode.swift; path = CartButtonView.swift; sourceTree = "<group>"; };
		3E448FAA29BF6109008AA5F3 /* PriceFormatter.swift */ = {isa = PBXFileReference; lastKnownFileType = sourcecode.swift; path = PriceFormatter.swift; sourceTree = "<group>"; };
		3E448FAC29BF62E9008AA5F3 /* AddToCartView.swift */ = {isa = PBXFileReference; lastKnownFileType = sourcecode.swift; path = AddToCartView.swift; sourceTree = "<group>"; };
		3E59972829BB239C00C6453E /* TestProject.app */ = {isa = PBXFileReference; explicitFileType = wrapper.application; includeInIndex = 0; path = TestProject.app; sourceTree = BUILT_PRODUCTS_DIR; };
		3E59972B29BB239C00C6453E /* TestProjectApp.swift */ = {isa = PBXFileReference; lastKnownFileType = sourcecode.swift; path = TestProjectApp.swift; sourceTree = "<group>"; };
		3E59972F29BB239D00C6453E /* Assets.xcassets */ = {isa = PBXFileReference; lastKnownFileType = folder.assetcatalog; path = Assets.xcassets; sourceTree = "<group>"; };
		3E59973229BB239D00C6453E /* Preview Assets.xcassets */ = {isa = PBXFileReference; lastKnownFileType = folder.assetcatalog; path = "Preview Assets.xcassets"; sourceTree = "<group>"; };
		3E59973D29BB295400C6453E /* Info.plist */ = {isa = PBXFileReference; lastKnownFileType = text.plist.xml; path = Info.plist; sourceTree = "<group>"; };
		3E59973E29BB29F900C6453E /* Montserrat-Bold.ttf */ = {isa = PBXFileReference; lastKnownFileType = file; path = "Montserrat-Bold.ttf"; sourceTree = "<group>"; };
		3E59973F29BB29F900C6453E /* Montserrat-BoldItalic.ttf */ = {isa = PBXFileReference; lastKnownFileType = file; path = "Montserrat-BoldItalic.ttf"; sourceTree = "<group>"; };
		3E59974029BB29F900C6453E /* Montserrat-Light.ttf */ = {isa = PBXFileReference; lastKnownFileType = file; path = "Montserrat-Light.ttf"; sourceTree = "<group>"; };
		3E59974129BB29F900C6453E /* Montserrat-SemiBold.ttf */ = {isa = PBXFileReference; lastKnownFileType = file; path = "Montserrat-SemiBold.ttf"; sourceTree = "<group>"; };
		3E59974229BB29F900C6453E /* Montserrat-ExtraBoldItalic.ttf */ = {isa = PBXFileReference; lastKnownFileType = file; path = "Montserrat-ExtraBoldItalic.ttf"; sourceTree = "<group>"; };
		3E59974329BB29F900C6453E /* Montserrat-Thin.ttf */ = {isa = PBXFileReference; lastKnownFileType = file; path = "Montserrat-Thin.ttf"; sourceTree = "<group>"; };
		3E59974429BB29F900C6453E /* Montserrat-ExtraLightItalic.ttf */ = {isa = PBXFileReference; lastKnownFileType = file; path = "Montserrat-ExtraLightItalic.ttf"; sourceTree = "<group>"; };
		3E59974529BB29F900C6453E /* Montserrat-ExtraLight.ttf */ = {isa = PBXFileReference; lastKnownFileType = file; path = "Montserrat-ExtraLight.ttf"; sourceTree = "<group>"; };
		3E59974629BB29F900C6453E /* Montserrat-MediumItalic.ttf */ = {isa = PBXFileReference; lastKnownFileType = file; path = "Montserrat-MediumItalic.ttf"; sourceTree = "<group>"; };
		3E59974729BB29F900C6453E /* Montserrat-BlackItalic.ttf */ = {isa = PBXFileReference; lastKnownFileType = file; path = "Montserrat-BlackItalic.ttf"; sourceTree = "<group>"; };
		3E59974829BB29F900C6453E /* Montserrat-ExtraBold.ttf */ = {isa = PBXFileReference; lastKnownFileType = file; path = "Montserrat-ExtraBold.ttf"; sourceTree = "<group>"; };
		3E59974929BB29F900C6453E /* Montserrat-Medium.ttf */ = {isa = PBXFileReference; lastKnownFileType = file; path = "Montserrat-Medium.ttf"; sourceTree = "<group>"; };
		3E59974A29BB29F900C6453E /* Montserrat-Black.ttf */ = {isa = PBXFileReference; lastKnownFileType = file; path = "Montserrat-Black.ttf"; sourceTree = "<group>"; };
		3E59974B29BB29F900C6453E /* Montserrat-Regular.ttf */ = {isa = PBXFileReference; lastKnownFileType = file; path = "Montserrat-Regular.ttf"; sourceTree = "<group>"; };
		3E59974C29BB29F900C6453E /* Montserrat-SemiBoldItalic.ttf */ = {isa = PBXFileReference; lastKnownFileType = file; path = "Montserrat-SemiBoldItalic.ttf"; sourceTree = "<group>"; };
		3E59974D29BB29F900C6453E /* Montserrat-ThinItalic.ttf */ = {isa = PBXFileReference; lastKnownFileType = file; path = "Montserrat-ThinItalic.ttf"; sourceTree = "<group>"; };
		3E59974E29BB29F900C6453E /* Montserrat-Italic.ttf */ = {isa = PBXFileReference; lastKnownFileType = file; path = "Montserrat-Italic.ttf"; sourceTree = "<group>"; };
		3E59974F29BB29FA00C6453E /* Montserrat-LightItalic.ttf */ = {isa = PBXFileReference; lastKnownFileType = file; path = "Montserrat-LightItalic.ttf"; sourceTree = "<group>"; };
		3E59975429BB2C2800C6453E /* Font+Extension.swift */ = {isa = PBXFileReference; lastKnownFileType = sourcecode.swift; path = "Font+Extension.swift"; sourceTree = "<group>"; };
		3E59976029BB2F4F00C6453E /* SignInView.swift */ = {isa = PBXFileReference; lastKnownFileType = sourcecode.swift; path = SignInView.swift; sourceTree = "<group>"; };
		3E59976229BB2F5C00C6453E /* SignInViewModel.swift */ = {isa = PBXFileReference; lastKnownFileType = sourcecode.swift; path = SignInViewModel.swift; sourceTree = "<group>"; };
		3E59976429BB329B00C6453E /* Color+Extension.swift */ = {isa = PBXFileReference; lastKnownFileType = sourcecode.swift; path = "Color+Extension.swift"; sourceTree = "<group>"; };
		3E59976629BB39AB00C6453E /* LoginView.swift */ = {isa = PBXFileReference; lastKnownFileType = sourcecode.swift; path = LoginView.swift; sourceTree = "<group>"; };
		3E59976829BB3B3100C6453E /* HomeView.swift */ = {isa = PBXFileReference; lastKnownFileType = sourcecode.swift; path = HomeView.swift; sourceTree = "<group>"; };
		3E59976A29BB3BD600C6453E /* RealmDataStore.swift */ = {isa = PBXFileReference; lastKnownFileType = sourcecode.swift; path = RealmDataStore.swift; sourceTree = "<group>"; };
		3E59976D29BB3BFA00C6453E /* User.swift */ = {isa = PBXFileReference; lastKnownFileType = sourcecode.swift; path = User.swift; sourceTree = "<group>"; };
		3E59976F29BB434100C6453E /* AuthorizationTextField.swift */ = {isa = PBXFileReference; lastKnownFileType = sourcecode.swift; path = AuthorizationTextField.swift; sourceTree = "<group>"; };
		3E59977129BB436100C6453E /* StringConstants.swift */ = {isa = PBXFileReference; lastKnownFileType = sourcecode.swift; path = StringConstants.swift; sourceTree = "<group>"; };
		3E59977429BB528900C6453E /* HorizontalLabelStyle.swift */ = {isa = PBXFileReference; lastKnownFileType = sourcecode.swift; path = HorizontalLabelStyle.swift; sourceTree = "<group>"; };
		3E59977629BB5E7500C6453E /* DataError.swift */ = {isa = PBXFileReference; lastKnownFileType = sourcecode.swift; path = DataError.swift; sourceTree = "<group>"; };
		3E59977829BB6C6500C6453E /* LoginViewModel.swift */ = {isa = PBXFileReference; lastKnownFileType = sourcecode.swift; path = LoginViewModel.swift; sourceTree = "<group>"; };
		3E59977A29BB7E8E00C6453E /* TabbarView.swift */ = {isa = PBXFileReference; lastKnownFileType = sourcecode.swift; path = TabbarView.swift; sourceTree = "<group>"; };
		3E59977D29BB7EE500C6453E /* MockView.swift */ = {isa = PBXFileReference; lastKnownFileType = sourcecode.swift; path = MockView.swift; sourceTree = "<group>"; };
		3E59977F29BB7F5100C6453E /* HomeViewModel.swift */ = {isa = PBXFileReference; lastKnownFileType = sourcecode.swift; path = HomeViewModel.swift; sourceTree = "<group>"; };
		3E59978129BB7F5E00C6453E /* ProfileView.swift */ = {isa = PBXFileReference; lastKnownFileType = sourcecode.swift; path = ProfileView.swift; sourceTree = "<group>"; };
		3E59978329BB7F6E00C6453E /* ProfileViewModel.swift */ = {isa = PBXFileReference; lastKnownFileType = sourcecode.swift; path = ProfileViewModel.swift; sourceTree = "<group>"; };
		3E59978529BCA2C700C6453E /* RoundedCorner.swift */ = {isa = PBXFileReference; lastKnownFileType = sourcecode.swift; path = RoundedCorner.swift; sourceTree = "<group>"; };
		3E59978729BCA2F700C6453E /* View+Extension.swift */ = {isa = PBXFileReference; lastKnownFileType = sourcecode.swift; path = "View+Extension.swift"; sourceTree = "<group>"; };
		3E59978929BCA84700C6453E /* StaticButtonStyle.swift */ = {isa = PBXFileReference; lastKnownFileType = sourcecode.swift; path = StaticButtonStyle.swift; sourceTree = "<group>"; };
		3E59978B29BCAACC00C6453E /* TabBarViewModel.swift */ = {isa = PBXFileReference; lastKnownFileType = sourcecode.swift; path = TabBarViewModel.swift; sourceTree = "<group>"; };
		3E59978D29BCAB6C00C6453E /* TabBarPage.swift */ = {isa = PBXFileReference; lastKnownFileType = sourcecode.swift; path = TabBarPage.swift; sourceTree = "<group>"; };
		3E59978F29BCB8AA00C6453E /* ProfileSettingsEnum.swift */ = {isa = PBXFileReference; lastKnownFileType = sourcecode.swift; path = ProfileSettingsEnum.swift; sourceTree = "<group>"; };
		3E59979229BCC8D200C6453E /* ProfileHeaderCell.swift */ = {isa = PBXFileReference; lastKnownFileType = sourcecode.swift; path = ProfileHeaderCell.swift; sourceTree = "<group>"; };
		3E59979429BCC8E400C6453E /* ProfileSettingsCell.swift */ = {isa = PBXFileReference; lastKnownFileType = sourcecode.swift; path = ProfileSettingsCell.swift; sourceTree = "<group>"; };
		3EB2D30F29BE051D00897867 /* CategoryEnum.swift */ = {isa = PBXFileReference; lastKnownFileType = sourcecode.swift; path = CategoryEnum.swift; sourceTree = "<group>"; };
		3EB2D31229BE0AA300897867 /* CategoryCell.swift */ = {isa = PBXFileReference; lastKnownFileType = sourcecode.swift; path = CategoryCell.swift; sourceTree = "<group>"; };
		3EB2D31429BE0E1400897867 /* GoodsModel.swift */ = {isa = PBXFileReference; lastKnownFileType = sourcecode.swift; path = GoodsModel.swift; sourceTree = "<group>"; };
		3EB2D31629BE10CC00897867 /* HeaderView.swift */ = {isa = PBXFileReference; lastKnownFileType = sourcecode.swift; path = HeaderView.swift; sourceTree = "<group>"; };
		BBABFA68C78ACF6634D19EC9 /* Pods-TestProject.debug.xcconfig */ = {isa = PBXFileReference; includeInIndex = 1; lastKnownFileType = text.xcconfig; name = "Pods-TestProject.debug.xcconfig"; path = "Target Support Files/Pods-TestProject/Pods-TestProject.debug.xcconfig"; sourceTree = "<group>"; };
		D379B022C202E0223926801E /* Pods_TestProject.framework */ = {isa = PBXFileReference; explicitFileType = wrapper.framework; includeInIndex = 0; path = Pods_TestProject.framework; sourceTree = BUILT_PRODUCTS_DIR; };
/* End PBXFileReference section */

/* Begin PBXFrameworksBuildPhase section */
		3E59972529BB239C00C6453E /* Frameworks */ = {
			isa = PBXFrameworksBuildPhase;
			buildActionMask = 2147483647;
			files = (
				71B10BCC86523EB53AD12F63 /* Pods_TestProject.framework in Frameworks */,
			);
			runOnlyForDeploymentPostprocessing = 0;
		};
/* End PBXFrameworksBuildPhase section */

/* Begin PBXGroup section */
		3E448F8629BE32EF008AA5F3 /* View */ = {
			isa = PBXGroup;
			children = (
				3EB2D31629BE10CC00897867 /* HeaderView.swift */,
				3E448F8429BE32BD008AA5F3 /* HomeNavigationView.swift */,
			);
			path = View;
			sourceTree = "<group>";
		};
		3E448F8729BE3779008AA5F3 /* Model */ = {
			isa = PBXGroup;
			children = (
				3EB2D31429BE0E1400897867 /* GoodsModel.swift */,
				3E448F9829BF0CBE008AA5F3 /* DetailGoodsModel.swift */,
				3E01473A29C07EBE00D3DAB8 /* SearchWordsModel.swift */,
			);
			path = Model;
			sourceTree = "<group>";
		};
		3E448F8829BE37AF008AA5F3 /* Endpoints */ = {
			isa = PBXGroup;
			children = (
				3E448F9629BE3A6D008AA5F3 /* GoodsEndpoint.swift */,
				3E448F8A29BE37CC008AA5F3 /* NetworkManager.swift */,
				3E448F8C29BE37F1008AA5F3 /* NetworkManagerHelper.swift */,
			);
			path = Endpoints;
			sourceTree = "<group>";
		};
		3E448F9A29BF18B9008AA5F3 /* DetailGoods */ = {
			isa = PBXGroup;
			children = (
				3E448F9F29BF444C008AA5F3 /* View */,
				3E448F9B29BF18D2008AA5F3 /* DetailGoodsView.swift */,
				3E448F9D29BF18DC008AA5F3 /* DetailGoodsViewModel.swift */,
			);
			path = DetailGoods;
			sourceTree = "<group>";
		};
		3E448F9F29BF444C008AA5F3 /* View */ = {
			isa = PBXGroup;
			children = (
				3E448FA029BF44FD008AA5F3 /* ButtonsControlView.swift */,
				3E448FA229BF455A008AA5F3 /* ImagesCollection.swift */,
				3E448FA629BF4ED5008AA5F3 /* GoodsDescription.swift */,
				3E448FA829BF5444008AA5F3 /* CartButtonView.swift */,
				3E448FAC29BF62E9008AA5F3 /* AddToCartView.swift */,
			);
			path = View;
			sourceTree = "<group>";
		};
		3E59971F29BB239C00C6453E = {
			isa = PBXGroup;
			children = (
				3E59972A29BB239C00C6453E /* TestProject */,
				3E59972929BB239C00C6453E /* Products */,
				897787A0A9F70E5C9217CDBB /* Pods */,
				E775F281F892022A1CF6DC67 /* Frameworks */,
			);
			sourceTree = "<group>";
		};
		3E59972929BB239C00C6453E /* Products */ = {
			isa = PBXGroup;
			children = (
				3E59972829BB239C00C6453E /* TestProject.app */,
			);
			name = Products;
			sourceTree = "<group>";
		};
		3E59972A29BB239C00C6453E /* TestProject */ = {
			isa = PBXGroup;
			children = (
				3E59975729BB2E7C00C6453E /* Views */,
				3E59975A29BB2EC600C6453E /* Helper */,
				3E59975929BB2EBD00C6453E /* Network */,
				3E59975829BB2EB600C6453E /* Store */,
				3E59975329BB2C1400C6453E /* Extensions */,
				3E59975629BB2D9E00C6453E /* App */,
				3E59975029BB2A0E00C6453E /* Resources */,
				3E59973129BB239D00C6453E /* Preview Content */,
			);
			path = TestProject;
			sourceTree = "<group>";
		};
		3E59973129BB239D00C6453E /* Preview Content */ = {
			isa = PBXGroup;
			children = (
				3E59973229BB239D00C6453E /* Preview Assets.xcassets */,
			);
			path = "Preview Content";
			sourceTree = "<group>";
		};
		3E59973929BB27C500C6453E /* Fonts */ = {
			isa = PBXGroup;
			children = (
				3E59974A29BB29F900C6453E /* Montserrat-Black.ttf */,
				3E59974729BB29F900C6453E /* Montserrat-BlackItalic.ttf */,
				3E59973E29BB29F900C6453E /* Montserrat-Bold.ttf */,
				3E59973F29BB29F900C6453E /* Montserrat-BoldItalic.ttf */,
				3E59974829BB29F900C6453E /* Montserrat-ExtraBold.ttf */,
				3E59974229BB29F900C6453E /* Montserrat-ExtraBoldItalic.ttf */,
				3E59974529BB29F900C6453E /* Montserrat-ExtraLight.ttf */,
				3E59974429BB29F900C6453E /* Montserrat-ExtraLightItalic.ttf */,
				3E59974E29BB29F900C6453E /* Montserrat-Italic.ttf */,
				3E59974029BB29F900C6453E /* Montserrat-Light.ttf */,
				3E59974F29BB29FA00C6453E /* Montserrat-LightItalic.ttf */,
				3E59974929BB29F900C6453E /* Montserrat-Medium.ttf */,
				3E59974629BB29F900C6453E /* Montserrat-MediumItalic.ttf */,
				3E59974B29BB29F900C6453E /* Montserrat-Regular.ttf */,
				3E59974129BB29F900C6453E /* Montserrat-SemiBold.ttf */,
				3E59974C29BB29F900C6453E /* Montserrat-SemiBoldItalic.ttf */,
				3E59974329BB29F900C6453E /* Montserrat-Thin.ttf */,
				3E59974D29BB29F900C6453E /* Montserrat-ThinItalic.ttf */,
			);
			path = Fonts;
			sourceTree = "<group>";
		};
		3E59975029BB2A0E00C6453E /* Resources */ = {
			isa = PBXGroup;
			children = (
				3E59972F29BB239D00C6453E /* Assets.xcassets */,
				3E59973929BB27C500C6453E /* Fonts */,
			);
			path = Resources;
			sourceTree = "<group>";
		};
		3E59975329BB2C1400C6453E /* Extensions */ = {
			isa = PBXGroup;
			children = (
				3E59975429BB2C2800C6453E /* Font+Extension.swift */,
				3E59976429BB329B00C6453E /* Color+Extension.swift */,
				3E59978729BCA2F700C6453E /* View+Extension.swift */,
			);
			path = Extensions;
			sourceTree = "<group>";
		};
		3E59975629BB2D9E00C6453E /* App */ = {
			isa = PBXGroup;
			children = (
				3E59972B29BB239C00C6453E /* TestProjectApp.swift */,
				3E59973D29BB295400C6453E /* Info.plist */,
			);
			path = App;
			sourceTree = "<group>";
		};
		3E59975729BB2E7C00C6453E /* Views */ = {
			isa = PBXGroup;
			children = (
				3E59975B29BB2EF500C6453E /* SignIn */,
				3E59975C29BB2EFC00C6453E /* Login */,
				3E59975D29BB2F0800C6453E /* Tabbar */,
				3E59975F29BB2F2D00C6453E /* Home */,
				3E448F9A29BF18B9008AA5F3 /* DetailGoods */,
				3E59977C29BB7ED300C6453E /* Mock */,
				3E59975E29BB2F1100C6453E /* Profile */,
				3E59977329BB4E7000C6453E /* Reusable */,
			);
			path = Views;
			sourceTree = "<group>";
		};
		3E59975829BB2EB600C6453E /* Store */ = {
			isa = PBXGroup;
			children = (
				3E59976C29BB3BF000C6453E /* Model */,
				3E59976A29BB3BD600C6453E /* RealmDataStore.swift */,
			);
			path = Store;
			sourceTree = "<group>";
		};
		3E59975929BB2EBD00C6453E /* Network */ = {
			isa = PBXGroup;
			children = (
				3E448F8829BE37AF008AA5F3 /* Endpoints */,
				3E448F8729BE3779008AA5F3 /* Model */,
			);
			path = Network;
			sourceTree = "<group>";
		};
		3E59975A29BB2EC600C6453E /* Helper */ = {
			isa = PBXGroup;
			children = (
				3E59978929BCA84700C6453E /* StaticButtonStyle.swift */,
				3E59978529BCA2C700C6453E /* RoundedCorner.swift */,
				3E59977429BB528900C6453E /* HorizontalLabelStyle.swift */,
				3E59977129BB436100C6453E /* StringConstants.swift */,
				3E59977629BB5E7500C6453E /* DataError.swift */,
				3E448FAA29BF6109008AA5F3 /* PriceFormatter.swift */,
			);
			path = Helper;
			sourceTree = "<group>";
		};
		3E59975B29BB2EF500C6453E /* SignIn */ = {
			isa = PBXGroup;
			children = (
				3E59976029BB2F4F00C6453E /* SignInView.swift */,
				3E59976229BB2F5C00C6453E /* SignInViewModel.swift */,
			);
			path = SignIn;
			sourceTree = "<group>";
		};
		3E59975C29BB2EFC00C6453E /* Login */ = {
			isa = PBXGroup;
			children = (
				3E59976629BB39AB00C6453E /* LoginView.swift */,
				3E59977829BB6C6500C6453E /* LoginViewModel.swift */,
			);
			path = Login;
			sourceTree = "<group>";
		};
		3E59975D29BB2F0800C6453E /* Tabbar */ = {
			isa = PBXGroup;
			children = (
				3E59978D29BCAB6C00C6453E /* TabBarPage.swift */,
				3E59977A29BB7E8E00C6453E /* TabbarView.swift */,
				3E59978B29BCAACC00C6453E /* TabBarViewModel.swift */,
			);
			path = Tabbar;
			sourceTree = "<group>";
		};
		3E59975E29BB2F1100C6453E /* Profile */ = {
			isa = PBXGroup;
			children = (
				3E59979129BCC8AF00C6453E /* Cells */,
				3E59978129BB7F5E00C6453E /* ProfileView.swift */,
				3E59978329BB7F6E00C6453E /* ProfileViewModel.swift */,
				3E59978F29BCB8AA00C6453E /* ProfileSettingsEnum.swift */,
			);
			path = Profile;
			sourceTree = "<group>";
		};
		3E59975F29BB2F2D00C6453E /* Home */ = {
			isa = PBXGroup;
			children = (
				3E448F8629BE32EF008AA5F3 /* View */,
				3EB2D31129BE0A9300897867 /* Cells */,
				3E59976829BB3B3100C6453E /* HomeView.swift */,
				3E59977F29BB7F5100C6453E /* HomeViewModel.swift */,
				3EB2D30F29BE051D00897867 /* CategoryEnum.swift */,
			);
			path = Home;
			sourceTree = "<group>";
		};
		3E59976C29BB3BF000C6453E /* Model */ = {
			isa = PBXGroup;
			children = (
				3E59976D29BB3BFA00C6453E /* User.swift */,
			);
			path = Model;
			sourceTree = "<group>";
		};
		3E59977329BB4E7000C6453E /* Reusable */ = {
			isa = PBXGroup;
			children = (
				3E59976F29BB434100C6453E /* AuthorizationTextField.swift */,
			);
			path = Reusable;
			sourceTree = "<group>";
		};
		3E59977C29BB7ED300C6453E /* Mock */ = {
			isa = PBXGroup;
			children = (
				3E59977D29BB7EE500C6453E /* MockView.swift */,
			);
			path = Mock;
			sourceTree = "<group>";
		};
		3E59979129BCC8AF00C6453E /* Cells */ = {
			isa = PBXGroup;
			children = (
				3E59979229BCC8D200C6453E /* ProfileHeaderCell.swift */,
				3E59979429BCC8E400C6453E /* ProfileSettingsCell.swift */,
			);
			path = Cells;
			sourceTree = "<group>";
		};
		3EB2D31129BE0A9300897867 /* Cells */ = {
			isa = PBXGroup;
			children = (
				3EB2D31229BE0AA300897867 /* CategoryCell.swift */,
				3E448F7E29BE2983008AA5F3 /* LatestGoodsCell.swift */,
				3E448F8229BE310B008AA5F3 /* SaleGoodsCell.swift */,
			);
			path = Cells;
			sourceTree = "<group>";
		};
		897787A0A9F70E5C9217CDBB /* Pods */ = {
			isa = PBXGroup;
			children = (
				BBABFA68C78ACF6634D19EC9 /* Pods-TestProject.debug.xcconfig */,
				37C6BD96091D24EE8DBC51C7 /* Pods-TestProject.release.xcconfig */,
			);
			path = Pods;
			sourceTree = "<group>";
		};
		E775F281F892022A1CF6DC67 /* Frameworks */ = {
			isa = PBXGroup;
			children = (
				D379B022C202E0223926801E /* Pods_TestProject.framework */,
			);
			name = Frameworks;
			sourceTree = "<group>";
		};
/* End PBXGroup section */

/* Begin PBXNativeTarget section */
		3E59972729BB239C00C6453E /* TestProject */ = {
			isa = PBXNativeTarget;
			buildConfigurationList = 3E59973629BB239D00C6453E /* Build configuration list for PBXNativeTarget "TestProject" */;
			buildPhases = (
				F28A1DD1BE83FAAACBEF39DC /* [CP] Check Pods Manifest.lock */,
				3E59972429BB239C00C6453E /* Sources */,
				3E59972529BB239C00C6453E /* Frameworks */,
				3E59972629BB239C00C6453E /* Resources */,
				83FE649FDBAB0154372BD0E4 /* [CP] Embed Pods Frameworks */,
			);
			buildRules = (
			);
			dependencies = (
			);
			name = TestProject;
			productName = TestProject;
			productReference = 3E59972829BB239C00C6453E /* TestProject.app */;
			productType = "com.apple.product-type.application";
		};
/* End PBXNativeTarget section */

/* Begin PBXProject section */
		3E59972029BB239C00C6453E /* Project object */ = {
			isa = PBXProject;
			attributes = {
				BuildIndependentTargetsInParallel = 1;
				LastSwiftUpdateCheck = 1420;
				LastUpgradeCheck = 1420;
				TargetAttributes = {
					3E59972729BB239C00C6453E = {
						CreatedOnToolsVersion = 14.2;
					};
				};
			};
			buildConfigurationList = 3E59972329BB239C00C6453E /* Build configuration list for PBXProject "TestProject" */;
			compatibilityVersion = "Xcode 14.0";
			developmentRegion = en;
			hasScannedForEncodings = 0;
			knownRegions = (
				en,
				Base,
			);
			mainGroup = 3E59971F29BB239C00C6453E;
			productRefGroup = 3E59972929BB239C00C6453E /* Products */;
			projectDirPath = "";
			projectRoot = "";
			targets = (
				3E59972729BB239C00C6453E /* TestProject */,
			);
		};
/* End PBXProject section */

/* Begin PBXResourcesBuildPhase section */
		3E59972629BB239C00C6453E /* Resources */ = {
			isa = PBXResourcesBuildPhase;
			buildActionMask = 2147483647;
			files = (
				3E59975229BB2B5300C6453E /* Montserrat-Bold.ttf in Resources */,
				3E59975129BB2B4F00C6453E /* Montserrat-Regular.ttf in Resources */,
				3E59973329BB239D00C6453E /* Preview Assets.xcassets in Resources */,
				3E59973029BB239D00C6453E /* Assets.xcassets in Resources */,
			);
			runOnlyForDeploymentPostprocessing = 0;
		};
/* End PBXResourcesBuildPhase section */

/* Begin PBXShellScriptBuildPhase section */
		83FE649FDBAB0154372BD0E4 /* [CP] Embed Pods Frameworks */ = {
			isa = PBXShellScriptBuildPhase;
			buildActionMask = 2147483647;
			files = (
			);
			inputFileListPaths = (
				"${PODS_ROOT}/Target Support Files/Pods-TestProject/Pods-TestProject-frameworks-${CONFIGURATION}-input-files.xcfilelist",
			);
			name = "[CP] Embed Pods Frameworks";
			outputFileListPaths = (
				"${PODS_ROOT}/Target Support Files/Pods-TestProject/Pods-TestProject-frameworks-${CONFIGURATION}-output-files.xcfilelist",
			);
			runOnlyForDeploymentPostprocessing = 0;
			shellPath = /bin/sh;
			shellScript = "\"${PODS_ROOT}/Target Support Files/Pods-TestProject/Pods-TestProject-frameworks.sh\"\n";
			showEnvVarsInLog = 0;
		};
		F28A1DD1BE83FAAACBEF39DC /* [CP] Check Pods Manifest.lock */ = {
			isa = PBXShellScriptBuildPhase;
			buildActionMask = 2147483647;
			files = (
			);
			inputFileListPaths = (
			);
			inputPaths = (
				"${PODS_PODFILE_DIR_PATH}/Podfile.lock",
				"${PODS_ROOT}/Manifest.lock",
			);
			name = "[CP] Check Pods Manifest.lock";
			outputFileListPaths = (
			);
			outputPaths = (
				"$(DERIVED_FILE_DIR)/Pods-TestProject-checkManifestLockResult.txt",
			);
			runOnlyForDeploymentPostprocessing = 0;
			shellPath = /bin/sh;
			shellScript = "diff \"${PODS_PODFILE_DIR_PATH}/Podfile.lock\" \"${PODS_ROOT}/Manifest.lock\" > /dev/null\nif [ $? != 0 ] ; then\n    # print error to STDERR\n    echo \"error: The sandbox is not in sync with the Podfile.lock. Run 'pod install' or update your CocoaPods installation.\" >&2\n    exit 1\nfi\n# This output is used by Xcode 'outputs' to avoid re-running this script phase.\necho \"SUCCESS\" > \"${SCRIPT_OUTPUT_FILE_0}\"\n";
			showEnvVarsInLog = 0;
		};
/* End PBXShellScriptBuildPhase section */

/* Begin PBXSourcesBuildPhase section */
		3E59972429BB239C00C6453E /* Sources */ = {
			isa = PBXSourcesBuildPhase;
			buildActionMask = 2147483647;
			files = (
				3E59975529BB2C2800C6453E /* Font+Extension.swift in Sources */,
				3E59978029BB7F5100C6453E /* HomeViewModel.swift in Sources */,
				3E448F9C29BF18D2008AA5F3 /* DetailGoodsView.swift in Sources */,
				3E448F8D29BE37F1008AA5F3 /* NetworkManagerHelper.swift in Sources */,
				3E448F9729BE3A6D008AA5F3 /* GoodsEndpoint.swift in Sources */,
				3E59979529BCC8E400C6453E /* ProfileSettingsCell.swift in Sources */,
				3E59976729BB39AB00C6453E /* LoginView.swift in Sources */,
				3E01473B29C07EBE00D3DAB8 /* SearchWordsModel.swift in Sources */,
				3E59979329BCC8D200C6453E /* ProfileHeaderCell.swift in Sources */,
				3E448F8329BE310B008AA5F3 /* SaleGoodsCell.swift in Sources */,
				3E59977B29BB7E8E00C6453E /* TabbarView.swift in Sources */,
				3E448FA129BF44FD008AA5F3 /* ButtonsControlView.swift in Sources */,
				3E59977E29BB7EE500C6453E /* MockView.swift in Sources */,
				3E448FAB29BF6109008AA5F3 /* PriceFormatter.swift in Sources */,
				3E59979029BCB8AA00C6453E /* ProfileSettingsEnum.swift in Sources */,
				3EB2D31529BE0E1400897867 /* GoodsModel.swift in Sources */,
				3E59978629BCA2C700C6453E /* RoundedCorner.swift in Sources */,
				3E448FA929BF5444008AA5F3 /* CartButtonView.swift in Sources */,
				3E59976129BB2F4F00C6453E /* SignInView.swift in Sources */,
				3E59977729BB5E7500C6453E /* DataError.swift in Sources */,
				3E448FA329BF455A008AA5F3 /* ImagesCollection.swift in Sources */,
				3E59976529BB329B00C6453E /* Color+Extension.swift in Sources */,
				3E448FAD29BF62E9008AA5F3 /* AddToCartView.swift in Sources */,
				3E59976929BB3B3100C6453E /* HomeView.swift in Sources */,
				3E59972C29BB239C00C6453E /* TestProjectApp.swift in Sources */,
				3E59977929BB6C6500C6453E /* LoginViewModel.swift in Sources */,
				3E448F8B29BE37CC008AA5F3 /* NetworkManager.swift in Sources */,
				3E59977529BB528900C6453E /* HorizontalLabelStyle.swift in Sources */,
				3EB2D31329BE0AA300897867 /* CategoryCell.swift in Sources */,
				3E59976329BB2F5C00C6453E /* SignInViewModel.swift in Sources */,
				3E448F9E29BF18DC008AA5F3 /* DetailGoodsViewModel.swift in Sources */,
				3EB2D31729BE10CC00897867 /* HeaderView.swift in Sources */,
				3E59978A29BCA84700C6453E /* StaticButtonStyle.swift in Sources */,
				3E59978C29BCAACC00C6453E /* TabBarViewModel.swift in Sources */,
				3E59978429BB7F6E00C6453E /* ProfileViewModel.swift in Sources */,
				3EB2D31029BE051D00897867 /* CategoryEnum.swift in Sources */,
				3E448F8529BE32BD008AA5F3 /* HomeNavigationView.swift in Sources */,
				3E59978E29BCAB6C00C6453E /* TabBarPage.swift in Sources */,
				3E448F7F29BE2983008AA5F3 /* LatestGoodsCell.swift in Sources */,
				3E59977229BB436100C6453E /* StringConstants.swift in Sources */,
				3E59977029BB434100C6453E /* AuthorizationTextField.swift in Sources */,
				3E59978829BCA2F700C6453E /* View+Extension.swift in Sources */,
				3E59978229BB7F5E00C6453E /* ProfileView.swift in Sources */,
				3E59976E29BB3BFA00C6453E /* User.swift in Sources */,
				3E448FA729BF4ED5008AA5F3 /* GoodsDescription.swift in Sources */,
				3E59976B29BB3BD600C6453E /* RealmDataStore.swift in Sources */,
				3E448F9929BF0CBE008AA5F3 /* DetailGoodsModel.swift in Sources */,
			);
			runOnlyForDeploymentPostprocessing = 0;
		};
/* End PBXSourcesBuildPhase section */

/* Begin XCBuildConfiguration section */
		3E59973429BB239D00C6453E /* Debug */ = {
			isa = XCBuildConfiguration;
			buildSettings = {
				ALWAYS_SEARCH_USER_PATHS = NO;
				CLANG_ANALYZER_NONNULL = YES;
				CLANG_ANALYZER_NUMBER_OBJECT_CONVERSION = YES_AGGRESSIVE;
				CLANG_CXX_LANGUAGE_STANDARD = "gnu++20";
				CLANG_ENABLE_MODULES = YES;
				CLANG_ENABLE_OBJC_ARC = YES;
				CLANG_ENABLE_OBJC_WEAK = YES;
				CLANG_WARN_BLOCK_CAPTURE_AUTORELEASING = YES;
				CLANG_WARN_BOOL_CONVERSION = YES;
				CLANG_WARN_COMMA = YES;
				CLANG_WARN_CONSTANT_CONVERSION = YES;
				CLANG_WARN_DEPRECATED_OBJC_IMPLEMENTATIONS = YES;
				CLANG_WARN_DIRECT_OBJC_ISA_USAGE = YES_ERROR;
				CLANG_WARN_DOCUMENTATION_COMMENTS = YES;
				CLANG_WARN_EMPTY_BODY = YES;
				CLANG_WARN_ENUM_CONVERSION = YES;
				CLANG_WARN_INFINITE_RECURSION = YES;
				CLANG_WARN_INT_CONVERSION = YES;
				CLANG_WARN_NON_LITERAL_NULL_CONVERSION = YES;
				CLANG_WARN_OBJC_IMPLICIT_RETAIN_SELF = YES;
				CLANG_WARN_OBJC_LITERAL_CONVERSION = YES;
				CLANG_WARN_OBJC_ROOT_CLASS = YES_ERROR;
				CLANG_WARN_QUOTED_INCLUDE_IN_FRAMEWORK_HEADER = YES;
				CLANG_WARN_RANGE_LOOP_ANALYSIS = YES;
				CLANG_WARN_STRICT_PROTOTYPES = YES;
				CLANG_WARN_SUSPICIOUS_MOVE = YES;
				CLANG_WARN_UNGUARDED_AVAILABILITY = YES_AGGRESSIVE;
				CLANG_WARN_UNREACHABLE_CODE = YES;
				CLANG_WARN__DUPLICATE_METHOD_MATCH = YES;
				COPY_PHASE_STRIP = NO;
				DEBUG_INFORMATION_FORMAT = dwarf;
				ENABLE_STRICT_OBJC_MSGSEND = YES;
				ENABLE_TESTABILITY = YES;
				GCC_C_LANGUAGE_STANDARD = gnu11;
				GCC_DYNAMIC_NO_PIC = NO;
				GCC_NO_COMMON_BLOCKS = YES;
				GCC_OPTIMIZATION_LEVEL = 0;
				GCC_PREPROCESSOR_DEFINITIONS = (
					"DEBUG=1",
					"$(inherited)",
				);
				GCC_WARN_64_TO_32_BIT_CONVERSION = YES;
				GCC_WARN_ABOUT_RETURN_TYPE = YES_ERROR;
				GCC_WARN_UNDECLARED_SELECTOR = YES;
				GCC_WARN_UNINITIALIZED_AUTOS = YES_AGGRESSIVE;
				GCC_WARN_UNUSED_FUNCTION = YES;
				GCC_WARN_UNUSED_VARIABLE = YES;
				IPHONEOS_DEPLOYMENT_TARGET = 16.2;
				MTL_ENABLE_DEBUG_INFO = INCLUDE_SOURCE;
				MTL_FAST_MATH = YES;
				ONLY_ACTIVE_ARCH = YES;
				SDKROOT = iphoneos;
				SWIFT_ACTIVE_COMPILATION_CONDITIONS = DEBUG;
				SWIFT_OPTIMIZATION_LEVEL = "-Onone";
			};
			name = Debug;
		};
		3E59973529BB239D00C6453E /* Release */ = {
			isa = XCBuildConfiguration;
			buildSettings = {
				ALWAYS_SEARCH_USER_PATHS = NO;
				CLANG_ANALYZER_NONNULL = YES;
				CLANG_ANALYZER_NUMBER_OBJECT_CONVERSION = YES_AGGRESSIVE;
				CLANG_CXX_LANGUAGE_STANDARD = "gnu++20";
				CLANG_ENABLE_MODULES = YES;
				CLANG_ENABLE_OBJC_ARC = YES;
				CLANG_ENABLE_OBJC_WEAK = YES;
				CLANG_WARN_BLOCK_CAPTURE_AUTORELEASING = YES;
				CLANG_WARN_BOOL_CONVERSION = YES;
				CLANG_WARN_COMMA = YES;
				CLANG_WARN_CONSTANT_CONVERSION = YES;
				CLANG_WARN_DEPRECATED_OBJC_IMPLEMENTATIONS = YES;
				CLANG_WARN_DIRECT_OBJC_ISA_USAGE = YES_ERROR;
				CLANG_WARN_DOCUMENTATION_COMMENTS = YES;
				CLANG_WARN_EMPTY_BODY = YES;
				CLANG_WARN_ENUM_CONVERSION = YES;
				CLANG_WARN_INFINITE_RECURSION = YES;
				CLANG_WARN_INT_CONVERSION = YES;
				CLANG_WARN_NON_LITERAL_NULL_CONVERSION = YES;
				CLANG_WARN_OBJC_IMPLICIT_RETAIN_SELF = YES;
				CLANG_WARN_OBJC_LITERAL_CONVERSION = YES;
				CLANG_WARN_OBJC_ROOT_CLASS = YES_ERROR;
				CLANG_WARN_QUOTED_INCLUDE_IN_FRAMEWORK_HEADER = YES;
				CLANG_WARN_RANGE_LOOP_ANALYSIS = YES;
				CLANG_WARN_STRICT_PROTOTYPES = YES;
				CLANG_WARN_SUSPICIOUS_MOVE = YES;
				CLANG_WARN_UNGUARDED_AVAILABILITY = YES_AGGRESSIVE;
				CLANG_WARN_UNREACHABLE_CODE = YES;
				CLANG_WARN__DUPLICATE_METHOD_MATCH = YES;
				COPY_PHASE_STRIP = NO;
				DEBUG_INFORMATION_FORMAT = "dwarf-with-dsym";
				ENABLE_NS_ASSERTIONS = NO;
				ENABLE_STRICT_OBJC_MSGSEND = YES;
				GCC_C_LANGUAGE_STANDARD = gnu11;
				GCC_NO_COMMON_BLOCKS = YES;
				GCC_WARN_64_TO_32_BIT_CONVERSION = YES;
				GCC_WARN_ABOUT_RETURN_TYPE = YES_ERROR;
				GCC_WARN_UNDECLARED_SELECTOR = YES;
				GCC_WARN_UNINITIALIZED_AUTOS = YES_AGGRESSIVE;
				GCC_WARN_UNUSED_FUNCTION = YES;
				GCC_WARN_UNUSED_VARIABLE = YES;
				IPHONEOS_DEPLOYMENT_TARGET = 16.2;
				MTL_ENABLE_DEBUG_INFO = NO;
				MTL_FAST_MATH = YES;
				SDKROOT = iphoneos;
				SWIFT_COMPILATION_MODE = wholemodule;
				SWIFT_OPTIMIZATION_LEVEL = "-O";
				VALIDATE_PRODUCT = YES;
			};
			name = Release;
		};
		3E59973729BB239D00C6453E /* Debug */ = {
			isa = XCBuildConfiguration;
			baseConfigurationReference = BBABFA68C78ACF6634D19EC9 /* Pods-TestProject.debug.xcconfig */;
			buildSettings = {
				ASSETCATALOG_COMPILER_APPICON_NAME = AppIcon;
				ASSETCATALOG_COMPILER_GLOBAL_ACCENT_COLOR_NAME = AccentColor;
				CODE_SIGN_STYLE = Automatic;
				CURRENT_PROJECT_VERSION = 1;
				DEVELOPMENT_ASSET_PATHS = "\"TestProject/Preview Content\"";
				DEVELOPMENT_TEAM = 93V4WB9C37;
				ENABLE_PREVIEWS = YES;
				GENERATE_INFOPLIST_FILE = YES;
				INFOPLIST_FILE = TestProject/App/Info.plist;
				INFOPLIST_KEY_UIApplicationSceneManifest_Generation = YES;
				INFOPLIST_KEY_UIApplicationSupportsIndirectInputEvents = YES;
				INFOPLIST_KEY_UILaunchScreen_Generation = YES;
				INFOPLIST_KEY_UISupportedInterfaceOrientations = UIInterfaceOrientationPortrait;
				INFOPLIST_KEY_UISupportedInterfaceOrientations_iPad = "UIInterfaceOrientationLandscapeLeft UIInterfaceOrientationLandscapeRight UIInterfaceOrientationPortrait UIInterfaceOrientationPortraitUpsideDown";
				LD_RUNPATH_SEARCH_PATHS = (
					"$(inherited)",
					"@executable_path/Frameworks",
				);
				MARKETING_VERSION = 1.0;
				PRODUCT_BUNDLE_IDENTIFIER = none.TestProject;
				PRODUCT_NAME = "$(TARGET_NAME)";
				SWIFT_EMIT_LOC_STRINGS = YES;
				SWIFT_VERSION = 5.0;
				TARGETED_DEVICE_FAMILY = "1,2";
			};
			name = Debug;
		};
		3E59973829BB239D00C6453E /* Release */ = {
			isa = XCBuildConfiguration;
			baseConfigurationReference = 37C6BD96091D24EE8DBC51C7 /* Pods-TestProject.release.xcconfig */;
			buildSettings = {
				ASSETCATALOG_COMPILER_APPICON_NAME = AppIcon;
				ASSETCATALOG_COMPILER_GLOBAL_ACCENT_COLOR_NAME = AccentColor;
				CODE_SIGN_STYLE = Automatic;
				CURRENT_PROJECT_VERSION = 1;
				DEVELOPMENT_ASSET_PATHS = "\"TestProject/Preview Content\"";
				DEVELOPMENT_TEAM = 93V4WB9C37;
				ENABLE_PREVIEWS = YES;
				GENERATE_INFOPLIST_FILE = YES;
				INFOPLIST_FILE = TestProject/App/Info.plist;
				INFOPLIST_KEY_UIApplicationSceneManifest_Generation = YES;
				INFOPLIST_KEY_UIApplicationSupportsIndirectInputEvents = YES;
				INFOPLIST_KEY_UILaunchScreen_Generation = YES;
				INFOPLIST_KEY_UISupportedInterfaceOrientations = UIInterfaceOrientationPortrait;
				INFOPLIST_KEY_UISupportedInterfaceOrientations_iPad = "UIInterfaceOrientationLandscapeLeft UIInterfaceOrientationLandscapeRight UIInterfaceOrientationPortrait UIInterfaceOrientationPortraitUpsideDown";
				LD_RUNPATH_SEARCH_PATHS = (
					"$(inherited)",
					"@executable_path/Frameworks",
				);
				MARKETING_VERSION = 1.0;
				PRODUCT_BUNDLE_IDENTIFIER = none.TestProject;
				PRODUCT_NAME = "$(TARGET_NAME)";
				SWIFT_EMIT_LOC_STRINGS = YES;
				SWIFT_VERSION = 5.0;
				TARGETED_DEVICE_FAMILY = "1,2";
			};
			name = Release;
		};
/* End XCBuildConfiguration section */

/* Begin XCConfigurationList section */
		3E59972329BB239C00C6453E /* Build configuration list for PBXProject "TestProject" */ = {
			isa = XCConfigurationList;
			buildConfigurations = (
				3E59973429BB239D00C6453E /* Debug */,
				3E59973529BB239D00C6453E /* Release */,
			);
			defaultConfigurationIsVisible = 0;
			defaultConfigurationName = Release;
		};
		3E59973629BB239D00C6453E /* Build configuration list for PBXNativeTarget "TestProject" */ = {
			isa = XCConfigurationList;
			buildConfigurations = (
				3E59973729BB239D00C6453E /* Debug */,
				3E59973829BB239D00C6453E /* Release */,
			);
			defaultConfigurationIsVisible = 0;
			defaultConfigurationName = Release;
		};
/* End XCConfigurationList section */
	};
	rootObject = 3E59972029BB239C00C6453E /* Project object */;
}
