PODS:
  - Alamofire (5.6.4)
  - Moya (15.0.0):
    - Moya/Core (= 15.0.0)
  - Moya/Core (15.0.0):
    - Alamofire (~> 5.0)
  - Realm (10.36.0):
    - Realm/Headers (= 10.36.0)
  - Realm/Headers (10.36.0)
  - RealmSwift (10.36.0):
    - Realm (= 10.36.0)

DEPENDENCIES:
  - Moya (~> 15.0)
  - RealmSwift (~> 10)

SPEC REPOS:
  trunk:
    - Alamofire
    - Moya
    - Realm
    - RealmSwift

SPEC CHECKSUMS:
  Alamofire: 4e95d97098eacb88856099c4fc79b526a299e48c
  Moya: 138f0573e53411fb3dc17016add0b748dfbd78ee
  Realm: 3fd136cb4c83a927482a7f1612496d37beed3cf5
  RealmSwift: 513d4dcbf5bfc4d573454088b592685fc48dd716

PODFILE CHECKSUM: ef0a9b187160f932f7e1de2805593490b91a6224

COCOAPODS: 1.11.3
